
Microsoft Visual Studio Solution File, Format Version 12.00
# Visual Studio Version 16
VisualStudioVersion = 16.0.31911.196
MinimumVisualStudioVersion = 10.0.40219.1
Project("{FAE04EC0-301F-11D3-BF4B-00C04F79EFBC}") = "SauceDemoAutomation", "SauceDemoAutomation\SauceDemoAutomation.csproj", "{8B206A21-7DC9-440A-84B1-3069CB306396}"
EndProject
Global
	GlobalSection(SolutionConfigurationPlatforms) = preSolution
		Debug|Any CPU = Debug|Any CPU
		Release|Any CPU = Release|Any CPU
	EndGlobalSection
	GlobalSection(ProjectConfigurationPlatforms) = postSolution
		{8B206A21-7DC9-440A-84B1-3069CB306396}.Debug|Any CPU.ActiveCfg = Debug|Any CPU
		{8B206A21-7DC9-440A-84B1-3069CB306396}.Debug|Any CPU.Build.0 = Debug|Any CPU
		{8B206A21-7DC9-440A-84B1-3069CB306396}.Release|Any CPU.ActiveCfg = Release|Any CPU
		{8B206A21-7DC9-440A-84B1-3069CB306396}.Release|Any CPU.Build.0 = Release|Any CPU
	EndGlobalSection
	GlobalSection(SolutionProperties) = preSolution
		HideSolutionNode = FALSE
	EndGlobalSection
	GlobalSection(ExtensibilityGlobals) = postSolution
		SolutionGuid = {6F686D8B-5A3C-4C7D-A07D-BCD5AC1BB5F9}
	EndGlobalSection
EndGlobal
